
Microsoft Visual Studio Solution File, Format Version 12.00
# Visual Studio 15
Project("{FAE04EC0-301F-11D3-BF4B-00C04F79EFBC}") = "Unity2D-5.6.5-master.Plugins", "Unity2D-5.6.5-master.Plugins.csproj", "{40F79F7E-5A26-DB39-1CED-E4607096ACE4}"
EndProject
Project("{FAE04EC0-301F-11D3-BF4B-00C04F79EFBC}") = "Unity2D-5.6.5-master", "Unity2D-5.6.5-master.csproj", "{BA05D2D8-94D4-1229-B9B0-8AD923F3D3D2}"
EndProject
Project("{FAE04EC0-301F-11D3-BF4B-00C04F79EFBC}") = "Unity2D-5.6.5-master.Editor", "Unity2D-5.6.5-master.Editor.csproj", "{A8087218-E061-E38E-9691-2EB8DB825627}"
EndProject
Global
	GlobalSection(SolutionConfigurationPlatforms) = preSolution
		Debug|Any CPU = Debug|Any CPU
		Release|Any CPU = Release|Any CPU
	EndGlobalSection
	GlobalSection(ProjectConfigurationPlatforms) = postSolution
		{40F79F7E-5A26-DB39-1CED-E4607096ACE4}.Debug|Any CPU.ActiveCfg = Debug|Any CPU
		{40F79F7E-5A26-DB39-1CED-E4607096ACE4}.Debug|Any CPU.Build.0 = Debug|Any CPU
		{40F79F7E-5A26-DB39-1CED-E4607096ACE4}.Release|Any CPU.ActiveCfg = Release|Any CPU
		{40F79F7E-5A26-DB39-1CED-E4607096ACE4}.Release|Any CPU.Build.0 = Release|Any CPU
		{BA05D2D8-94D4-1229-B9B0-8AD923F3D3D2}.Debug|Any CPU.ActiveCfg = Debug|Any CPU
		{BA05D2D8-94D4-1229-B9B0-8AD923F3D3D2}.Debug|Any CPU.Build.0 = Debug|Any CPU
		{BA05D2D8-94D4-1229-B9B0-8AD923F3D3D2}.Release|Any CPU.ActiveCfg = Release|Any CPU
		{BA05D2D8-94D4-1229-B9B0-8AD923F3D3D2}.Release|Any CPU.Build.0 = Release|Any CPU
		{A8087218-E061-E38E-9691-2EB8DB825627}.Debug|Any CPU.ActiveCfg = Debug|Any CPU
		{A8087218-E061-E38E-9691-2EB8DB825627}.Debug|Any CPU.Build.0 = Debug|Any CPU
		{A8087218-E061-E38E-9691-2EB8DB825627}.Release|Any CPU.ActiveCfg = Release|Any CPU
		{A8087218-E061-E38E-9691-2EB8DB825627}.Release|Any CPU.Build.0 = Release|Any CPU
	EndGlobalSection
	GlobalSection(SolutionProperties) = preSolution
		HideSolutionNode = FALSE
	EndGlobalSection
EndGlobal
